
Microsoft Visual Studio Solution File, Format Version 12.00
# Visual Studio Version 17
VisualStudioVersion = 17.11.35312.102
MinimumVisualStudioVersion = 10.0.40219.1
Project("{FAE04EC0-301F-11D3-BF4B-00C04F79EFBC}") = "2-fizzBuzz", "2-fizzBuzz.csproj", "{8B0D4B1B-A880-4803-A897-1B19F41D442F}"
EndProject
Global
	GlobalSection(SolutionConfigurationPlatforms) = preSolution
		Debug|Any CPU = Debug|Any CPU
		Release|Any CPU = Release|Any CPU
	EndGlobalSection
	GlobalSection(ProjectConfigurationPlatforms) = postSolution
		{8B0D4B1B-A880-4803-A897-1B19F41D442F}.Debug|Any CPU.ActiveCfg = Debug|Any CPU
		{8B0D4B1B-A880-4803-A897-1B19F41D442F}.Debug|Any CPU.Build.0 = Debug|Any CPU
		{8B0D4B1B-A880-4803-A897-1B19F41D442F}.Release|Any CPU.ActiveCfg = Release|Any CPU
		{8B0D4B1B-A880-4803-A897-1B19F41D442F}.Release|Any CPU.Build.0 = Release|Any CPU
	EndGlobalSection
	GlobalSection(SolutionProperties) = preSolution
		HideSolutionNode = FALSE
	EndGlobalSection
	GlobalSection(ExtensibilityGlobals) = postSolution
		SolutionGuid = {96A7BBCA-8CEB-4CBA-93E9-37B108642AA8}
	EndGlobalSection
EndGlobal
