
Microsoft Visual Studio Solution File, Format Version 12.00
# Visual Studio Version 17
VisualStudioVersion = 17.11.35312.102
MinimumVisualStudioVersion = 10.0.40219.1
Project("{FAE04EC0-301F-11D3-BF4B-00C04F79EFBC}") = "10-months", "10-months.csproj", "{F8D34405-F994-49A8-A24A-A0BC30ADDB82}"
EndProject
Global
	GlobalSection(SolutionConfigurationPlatforms) = preSolution
		Debug|Any CPU = Debug|Any CPU
		Release|Any CPU = Release|Any CPU
	EndGlobalSection
	GlobalSection(ProjectConfigurationPlatforms) = postSolution
		{F8D34405-F994-49A8-A24A-A0BC30ADDB82}.Debug|Any CPU.ActiveCfg = Debug|Any CPU
		{F8D34405-F994-49A8-A24A-A0BC30ADDB82}.Debug|Any CPU.Build.0 = Debug|Any CPU
		{F8D34405-F994-49A8-A24A-A0BC30ADDB82}.Release|Any CPU.ActiveCfg = Release|Any CPU
		{F8D34405-F994-49A8-A24A-A0BC30ADDB82}.Release|Any CPU.Build.0 = Release|Any CPU
	EndGlobalSection
	GlobalSection(SolutionProperties) = preSolution
		HideSolutionNode = FALSE
	EndGlobalSection
	GlobalSection(ExtensibilityGlobals) = postSolution
		SolutionGuid = {1E36DF46-D937-422A-B179-ECA6EB84FD89}
	EndGlobalSection
EndGlobal
